
Microsoft Visual Studio Solution File, Format Version 12.00
# Visual Studio Version 17
VisualStudioVersion = 17.5.002.0
MinimumVisualStudioVersion = 10.0.40219.1
Project("{9A19103F-16F7-4668-BE54-9A1E7A4F7556}") = "EblaLauncher", "EblaLauncher.csproj", "{5AFD8B3B-BEB2-4F41-9F31-E099A1C3202C}"
EndProject
Global
	GlobalSection(SolutionConfigurationPlatforms) = preSolution
		Debug|Any CPU = Debug|Any CPU
		Release|Any CPU = Release|Any CPU
	EndGlobalSection
	GlobalSection(ProjectConfigurationPlatforms) = postSolution
		{5AFD8B3B-BEB2-4F41-9F31-E099A1C3202C}.Debug|Any CPU.ActiveCfg = Debug|Any CPU
		{5AFD8B3B-BEB2-4F41-9F31-E099A1C3202C}.Debug|Any CPU.Build.0 = Debug|Any CPU
		{5AFD8B3B-BEB2-4F41-9F31-E099A1C3202C}.Release|Any CPU.ActiveCfg = Release|Any CPU
		{5AFD8B3B-BEB2-4F41-9F31-E099A1C3202C}.Release|Any CPU.Build.0 = Release|Any CPU
	EndGlobalSection
	GlobalSection(SolutionProperties) = preSolution
		HideSolutionNode = FALSE
	EndGlobalSection
	GlobalSection(ExtensibilityGlobals) = postSolution
		SolutionGuid = {A6232A91-93B5-4442-8952-A4CF04D6D6B5}
	EndGlobalSection
EndGlobal
